
Microsoft Visual Studio Solution File, Format Version 12.00
# Visual Studio Version 17
VisualStudioVersion = 17.0.31903.59
MinimumVisualStudioVersion = 10.0.40219.1
Project("{FAE04EC0-301F-11D3-BF4B-00C04F79EFBC}") = "API", "API\API.csproj", "{F92BD039-F502-485C-9811-5F111DB270BF}"
EndProject
Global
	GlobalSection(SolutionConfigurationPlatforms) = preSolution
		Debug|Any CPU = Debug|Any CPU
		Release|Any CPU = Release|Any CPU
	EndGlobalSection
	GlobalSection(SolutionProperties) = preSolution
		HideSolutionNode = FALSE
	EndGlobalSection
	GlobalSection(ProjectConfigurationPlatforms) = postSolution
		{F92BD039-F502-485C-9811-5F111DB270BF}.Debug|Any CPU.ActiveCfg = Debug|Any CPU
		{F92BD039-F502-485C-9811-5F111DB270BF}.Debug|Any CPU.Build.0 = Debug|Any CPU
		{F92BD039-F502-485C-9811-5F111DB270BF}.Release|Any CPU.ActiveCfg = Release|Any CPU
		{F92BD039-F502-485C-9811-5F111DB270BF}.Release|Any CPU.Build.0 = Release|Any CPU
	EndGlobalSection
EndGlobal
